
Microsoft Visual Studio Solution File, Format Version 12.00
# Visual Studio Version 17
VisualStudioVersion = 17.10.35122.118
MinimumVisualStudioVersion = 10.0.40219.1
Project("{9A19103F-16F7-4668-BE54-9A1E7A4F7556}") = "BisnesManager.Client", "Система учета сотрудников. Дипломный проект\BisnesManager.Client.csproj", "{BC761F5D-1575-4779-9625-557061444062}"
EndProject
Project("{FAE04EC0-301F-11D3-BF4B-00C04F79EFBC}") = "BisnesManager.WebAPI", "API. Система учета сотрудников. Дипломный проект\BisnesManager.WebAPI.csproj", "{4A379F70-C155-441C-97B2-566058465CD3}"
EndProject
Project("{2150E333-8FDC-42A3-9474-1A3956D46DE8}") = "Core", "Core", "{48E7F229-3B04-4BAD-AB88-0802DB673405}"
EndProject
Project("{2150E333-8FDC-42A3-9474-1A3956D46DE8}") = "Infrostructure", "Infrostructure", "{CF4C370A-BE42-4B67-AB46-62C27C3A6932}"
EndProject
Project("{2150E333-8FDC-42A3-9474-1A3956D46DE8}") = "Presentation", "Presentation", "{53983054-DC6D-4B2E-910E-45A31F0B3A59}"
EndProject
Project("{2150E333-8FDC-42A3-9474-1A3956D46DE8}") = "Tests", "Tests", "{338E91B8-9C6A-4247-B5EA-E639C98B4DBA}"
EndProject
Project("{FAE04EC0-301F-11D3-BF4B-00C04F79EFBC}") = "BisnesManager.Domain", "Model.Domain\BisnesManager.Domain.csproj", "{6E183D63-726F-42C5-B3DA-E126203F41A6}"
EndProject
Project("{FAE04EC0-301F-11D3-BF4B-00C04F79EFBC}") = "BisnesManager.RequestsApp", "BisnesManager.RequestsApp\BisnesManager.RequestsApp.csproj", "{EC50CD40-5358-4A52-9C9A-FE09DA66A5DF}"
EndProject
Project("{FAE04EC0-301F-11D3-BF4B-00C04F79EFBC}") = "BisnesManager.DatabasePersistens", "BisnesManager.DatabaseApp\BisnesManager.DatabasePersistens.csproj", "{A2F68C2A-A5A1-419A-A3EE-691A400E509E}"
EndProject
Global
	GlobalSection(SolutionConfigurationPlatforms) = preSolution
		Debug|Any CPU = Debug|Any CPU
		Release|Any CPU = Release|Any CPU
	EndGlobalSection
	GlobalSection(ProjectConfigurationPlatforms) = postSolution
		{BC761F5D-1575-4779-9625-557061444062}.Debug|Any CPU.ActiveCfg = Debug|Any CPU
		{BC761F5D-1575-4779-9625-557061444062}.Debug|Any CPU.Build.0 = Debug|Any CPU
		{BC761F5D-1575-4779-9625-557061444062}.Release|Any CPU.ActiveCfg = Release|Any CPU
		{BC761F5D-1575-4779-9625-557061444062}.Release|Any CPU.Build.0 = Release|Any CPU
		{4A379F70-C155-441C-97B2-566058465CD3}.Debug|Any CPU.ActiveCfg = Debug|Any CPU
		{4A379F70-C155-441C-97B2-566058465CD3}.Debug|Any CPU.Build.0 = Debug|Any CPU
		{4A379F70-C155-441C-97B2-566058465CD3}.Release|Any CPU.ActiveCfg = Release|Any CPU
		{4A379F70-C155-441C-97B2-566058465CD3}.Release|Any CPU.Build.0 = Release|Any CPU
		{6E183D63-726F-42C5-B3DA-E126203F41A6}.Debug|Any CPU.ActiveCfg = Debug|Any CPU
		{6E183D63-726F-42C5-B3DA-E126203F41A6}.Debug|Any CPU.Build.0 = Debug|Any CPU
		{6E183D63-726F-42C5-B3DA-E126203F41A6}.Release|Any CPU.ActiveCfg = Release|Any CPU
		{6E183D63-726F-42C5-B3DA-E126203F41A6}.Release|Any CPU.Build.0 = Release|Any CPU
		{EC50CD40-5358-4A52-9C9A-FE09DA66A5DF}.Debug|Any CPU.ActiveCfg = Debug|Any CPU
		{EC50CD40-5358-4A52-9C9A-FE09DA66A5DF}.Debug|Any CPU.Build.0 = Debug|Any CPU
		{EC50CD40-5358-4A52-9C9A-FE09DA66A5DF}.Release|Any CPU.ActiveCfg = Release|Any CPU
		{EC50CD40-5358-4A52-9C9A-FE09DA66A5DF}.Release|Any CPU.Build.0 = Release|Any CPU
		{A2F68C2A-A5A1-419A-A3EE-691A400E509E}.Debug|Any CPU.ActiveCfg = Debug|Any CPU
		{A2F68C2A-A5A1-419A-A3EE-691A400E509E}.Debug|Any CPU.Build.0 = Debug|Any CPU
		{A2F68C2A-A5A1-419A-A3EE-691A400E509E}.Release|Any CPU.ActiveCfg = Release|Any CPU
		{A2F68C2A-A5A1-419A-A3EE-691A400E509E}.Release|Any CPU.Build.0 = Release|Any CPU
	EndGlobalSection
	GlobalSection(SolutionProperties) = preSolution
		HideSolutionNode = FALSE
	EndGlobalSection
	GlobalSection(NestedProjects) = preSolution
		{4A379F70-C155-441C-97B2-566058465CD3} = {53983054-DC6D-4B2E-910E-45A31F0B3A59}
		{6E183D63-726F-42C5-B3DA-E126203F41A6} = {48E7F229-3B04-4BAD-AB88-0802DB673405}
		{EC50CD40-5358-4A52-9C9A-FE09DA66A5DF} = {48E7F229-3B04-4BAD-AB88-0802DB673405}
		{A2F68C2A-A5A1-419A-A3EE-691A400E509E} = {CF4C370A-BE42-4B67-AB46-62C27C3A6932}
	EndGlobalSection
	GlobalSection(ExtensibilityGlobals) = postSolution
		SolutionGuid = {17CBA7A7-9707-43CE-ACB5-7C5D6822C083}
	EndGlobalSection
EndGlobal
